
Microsoft Visual Studio Solution File, Format Version 12.00
# Visual Studio Version 16
VisualStudioVersion = 16.0.30011.22
MinimumVisualStudioVersion = 10.0.40219.1
Project("{9A19103F-16F7-4668-BE54-9A1E7A4F7556}") = "PB.WebService", "PB.WebService\PB.WebService.csproj", "{DCE3EA7B-F114-4ED2-8743-1FDF42160990}"
EndProject
Project("{9A19103F-16F7-4668-BE54-9A1E7A4F7556}") = "PB.Data", "PB.Data\PB.Data.csproj", "{2D3B08B1-744D-4552-B477-59DB541B0D45}"
EndProject
Project("{9A19103F-16F7-4668-BE54-9A1E7A4F7556}") = "PB.Core", "PB.Core\PB.Core.csproj", "{E280B4D2-154F-431B-95CF-21D2426BB987}"
EndProject
Project("{9A19103F-16F7-4668-BE54-9A1E7A4F7556}") = "PB.Tests", "PB.Tests\PB.Tests.csproj", "{5E985296-4090-4D37-8D1A-71F794185A39}"
EndProject
Global
	GlobalSection(SolutionConfigurationPlatforms) = preSolution
		Debug|Any CPU = Debug|Any CPU
		Release|Any CPU = Release|Any CPU
	EndGlobalSection
	GlobalSection(ProjectConfigurationPlatforms) = postSolution
		{DCE3EA7B-F114-4ED2-8743-1FDF42160990}.Debug|Any CPU.ActiveCfg = Debug|Any CPU
		{DCE3EA7B-F114-4ED2-8743-1FDF42160990}.Debug|Any CPU.Build.0 = Debug|Any CPU
		{DCE3EA7B-F114-4ED2-8743-1FDF42160990}.Release|Any CPU.ActiveCfg = Release|Any CPU
		{DCE3EA7B-F114-4ED2-8743-1FDF42160990}.Release|Any CPU.Build.0 = Release|Any CPU
		{2D3B08B1-744D-4552-B477-59DB541B0D45}.Debug|Any CPU.ActiveCfg = Debug|Any CPU
		{2D3B08B1-744D-4552-B477-59DB541B0D45}.Debug|Any CPU.Build.0 = Debug|Any CPU
		{2D3B08B1-744D-4552-B477-59DB541B0D45}.Release|Any CPU.ActiveCfg = Release|Any CPU
		{2D3B08B1-744D-4552-B477-59DB541B0D45}.Release|Any CPU.Build.0 = Release|Any CPU
		{E280B4D2-154F-431B-95CF-21D2426BB987}.Debug|Any CPU.ActiveCfg = Debug|Any CPU
		{E280B4D2-154F-431B-95CF-21D2426BB987}.Debug|Any CPU.Build.0 = Debug|Any CPU
		{E280B4D2-154F-431B-95CF-21D2426BB987}.Release|Any CPU.ActiveCfg = Release|Any CPU
		{E280B4D2-154F-431B-95CF-21D2426BB987}.Release|Any CPU.Build.0 = Release|Any CPU
		{5E985296-4090-4D37-8D1A-71F794185A39}.Debug|Any CPU.ActiveCfg = Debug|Any CPU
		{5E985296-4090-4D37-8D1A-71F794185A39}.Debug|Any CPU.Build.0 = Debug|Any CPU
		{5E985296-4090-4D37-8D1A-71F794185A39}.Release|Any CPU.ActiveCfg = Release|Any CPU
		{5E985296-4090-4D37-8D1A-71F794185A39}.Release|Any CPU.Build.0 = Release|Any CPU
	EndGlobalSection
	GlobalSection(SolutionProperties) = preSolution
		HideSolutionNode = FALSE
	EndGlobalSection
	GlobalSection(ExtensibilityGlobals) = postSolution
		SolutionGuid = {05DF741D-F92C-4FEC-ABC7-770F5B3C9994}
	EndGlobalSection
EndGlobal
