
Microsoft Visual Studio Solution File, Format Version 12.00
# Visual Studio Version 16
VisualStudioVersion = 16.0.30011.22
MinimumVisualStudioVersion = 10.0.40219.1
Project("{9A19103F-16F7-4668-BE54-9A1E7A4F7556}") = "PB.WebService", "PB.WebService.csproj", "{BBA5970F-BBC7-4236-8D5D-75792F2D84A6}"
EndProject
Project("{9A19103F-16F7-4668-BE54-9A1E7A4F7556}") = "PB.Data", "..\PB.Data\PB.Data.csproj", "{D0ED09C8-AF3E-4680-957A-1ED57F3C94EC}"
EndProject
Project("{9A19103F-16F7-4668-BE54-9A1E7A4F7556}") = "PB.Infrastructure", "..\PB.Infrastructure\PB.Infrastructure.csproj", "{EC36D991-0E02-4593-A957-05FAB42E5072}"
EndProject
Project("{9A19103F-16F7-4668-BE54-9A1E7A4F7556}") = "PB.Core", "..\PB.Core\PB.Core.csproj", "{D6FC0C28-255A-4FED-BFFE-5B8ADF75F1E7}"
EndProject
Project("{FAE04EC0-301F-11D3-BF4B-00C04F79EFBC}") = "PB.Tests", "..\PB.Tests\PB.Tests.csproj", "{83AEF600-47D5-4588-BE59-69432677FFA9}"
EndProject
Global
	GlobalSection(SolutionConfigurationPlatforms) = preSolution
		Debug|Any CPU = Debug|Any CPU
		Release|Any CPU = Release|Any CPU
	EndGlobalSection
	GlobalSection(ProjectConfigurationPlatforms) = postSolution
		{BBA5970F-BBC7-4236-8D5D-75792F2D84A6}.Debug|Any CPU.ActiveCfg = Debug|Any CPU
		{BBA5970F-BBC7-4236-8D5D-75792F2D84A6}.Debug|Any CPU.Build.0 = Debug|Any CPU
		{BBA5970F-BBC7-4236-8D5D-75792F2D84A6}.Release|Any CPU.ActiveCfg = Release|Any CPU
		{BBA5970F-BBC7-4236-8D5D-75792F2D84A6}.Release|Any CPU.Build.0 = Release|Any CPU
		{D0ED09C8-AF3E-4680-957A-1ED57F3C94EC}.Debug|Any CPU.ActiveCfg = Debug|Any CPU
		{D0ED09C8-AF3E-4680-957A-1ED57F3C94EC}.Debug|Any CPU.Build.0 = Debug|Any CPU
		{D0ED09C8-AF3E-4680-957A-1ED57F3C94EC}.Release|Any CPU.ActiveCfg = Release|Any CPU
		{D0ED09C8-AF3E-4680-957A-1ED57F3C94EC}.Release|Any CPU.Build.0 = Release|Any CPU
		{EC36D991-0E02-4593-A957-05FAB42E5072}.Debug|Any CPU.ActiveCfg = Debug|Any CPU
		{EC36D991-0E02-4593-A957-05FAB42E5072}.Debug|Any CPU.Build.0 = Debug|Any CPU
		{EC36D991-0E02-4593-A957-05FAB42E5072}.Release|Any CPU.ActiveCfg = Release|Any CPU
		{EC36D991-0E02-4593-A957-05FAB42E5072}.Release|Any CPU.Build.0 = Release|Any CPU
		{D6FC0C28-255A-4FED-BFFE-5B8ADF75F1E7}.Debug|Any CPU.ActiveCfg = Debug|Any CPU
		{D6FC0C28-255A-4FED-BFFE-5B8ADF75F1E7}.Debug|Any CPU.Build.0 = Debug|Any CPU
		{D6FC0C28-255A-4FED-BFFE-5B8ADF75F1E7}.Release|Any CPU.ActiveCfg = Release|Any CPU
		{D6FC0C28-255A-4FED-BFFE-5B8ADF75F1E7}.Release|Any CPU.Build.0 = Release|Any CPU
		{83AEF600-47D5-4588-BE59-69432677FFA9}.Debug|Any CPU.ActiveCfg = Debug|Any CPU
		{83AEF600-47D5-4588-BE59-69432677FFA9}.Debug|Any CPU.Build.0 = Debug|Any CPU
		{83AEF600-47D5-4588-BE59-69432677FFA9}.Release|Any CPU.ActiveCfg = Release|Any CPU
		{83AEF600-47D5-4588-BE59-69432677FFA9}.Release|Any CPU.Build.0 = Release|Any CPU
	EndGlobalSection
	GlobalSection(SolutionProperties) = preSolution
		HideSolutionNode = FALSE
	EndGlobalSection
	GlobalSection(ExtensibilityGlobals) = postSolution
		SolutionGuid = {C4C14CC8-DF54-422E-A8BA-2AE1EA4E2D32}
	EndGlobalSection
EndGlobal
